// !$*UTF8*$!
{
	archiveVersion = 1;
	classes = {
	};
	objectVersion = 46;
	objects = {

/* Begin PBXBuildFile section */
		233E05F41D36BB180032EAC4 /* AppDelegate.swift in Sources */ = {isa = PBXBuildFile; fileRef = 233E05F31D36BB180032EAC4 /* AppDelegate.swift */; };
		233E05F61D36BB180032EAC4 /* GameScene.sks in Resources */ = {isa = PBXBuildFile; fileRef = 233E05F51D36BB180032EAC4 /* GameScene.sks */; };
		233E05F81D36BB180032EAC4 /* GameScene.swift in Sources */ = {isa = PBXBuildFile; fileRef = 233E05F71D36BB180032EAC4 /* GameScene.swift */; };
		233E05FA1D36BB180032EAC4 /* GameViewController.swift in Sources */ = {isa = PBXBuildFile; fileRef = 233E05F91D36BB180032EAC4 /* GameViewController.swift */; };
		233E05FD1D36BB180032EAC4 /* Main.storyboard in Resources */ = {isa = PBXBuildFile; fileRef = 233E05FB1D36BB180032EAC4 /* Main.storyboard */; };
		233E05FF1D36BB180032EAC4 /* Assets.xcassets in Resources */ = {isa = PBXBuildFile; fileRef = 233E05FE1D36BB180032EAC4 /* Assets.xcassets */; };
		233E06021D36BB180032EAC4 /* LaunchScreen.storyboard in Resources */ = {isa = PBXBuildFile; fileRef = 233E06001D36BB180032EAC4 /* LaunchScreen.storyboard */; };
/* End PBXBuildFile section */

/* Begin PBXFileReference section */
		233E05F01D36BB180032EAC4 /* Flappy Bird.app */ = {isa = PBXFileReference; explicitFileType = wrapper.application; includeInIndex = 0; path = "Flappy Bird.app"; sourceTree = BUILT_PRODUCTS_DIR; };
		233E05F31D36BB180032EAC4 /* AppDelegate.swift */ = {isa = PBXFileReference; lastKnownFileType = sourcecode.swift; path = AppDelegate.swift; sourceTree = "<group>"; };
		233E05F51D36BB180032EAC4 /* GameScene.sks */ = {isa = PBXFileReference; lastKnownFileType = file.sks; path = GameScene.sks; sourceTree = "<group>"; };
		233E05F71D36BB180032EAC4 /* GameScene.swift */ = {isa = PBXFileReference; lastKnownFileType = sourcecode.swift; path = GameScene.swift; sourceTree = "<group>"; };
		233E05F91D36BB180032EAC4 /* GameViewController.swift */ = {isa = PBXFileReference; lastKnownFileType = sourcecode.swift; path = GameViewController.swift; sourceTree = "<group>"; };
		233E05FC1D36BB180032EAC4 /* Base */ = {isa = PBXFileReference; lastKnownFileType = file.storyboard; name = Base; path = Base.lproj/Main.storyboard; sourceTree = "<group>"; };
		233E05FE1D36BB180032EAC4 /* Assets.xcassets */ = {isa = PBXFileReference; lastKnownFileType = folder.assetcatalog; path = Assets.xcassets; sourceTree = "<group>"; };
		233E06011D36BB180032EAC4 /* Base */ = {isa = PBXFileReference; lastKnownFileType = file.storyboard; name = Base; path = Base.lproj/LaunchScreen.storyboard; sourceTree = "<group>"; };
		233E06031D36BB180032EAC4 /* Info.plist */ = {isa = PBXFileReference; lastKnownFileType = text.plist.xml; path = Info.plist; sourceTree = "<group>"; };
/* End PBXFileReference section */

/* Begin PBXFrameworksBuildPhase section */
		233E05ED1D36BB180032EAC4 /* Frameworks */ = {
			isa = PBXFrameworksBuildPhase;
			buildActionMask = 2147483647;
			files = (
			);
			runOnlyForDeploymentPostprocessing = 0;
		};
/* End PBXFrameworksBuildPhase section */

/* Begin PBXGroup section */
		233E05E71D36BB180032EAC4 = {
			isa = PBXGroup;
			children = (
				233E05F21D36BB180032EAC4 /* Flappy Bird */,
				233E05F11D36BB180032EAC4 /* Products */,
			);
			sourceTree = "<group>";
		};
		233E05F11D36BB180032EAC4 /* Products */ = {
			isa = PBXGroup;
			children = (
				233E05F01D36BB180032EAC4 /* Flappy Bird.app */,
			);
			name = Products;
			sourceTree = "<group>";
		};
		233E05F21D36BB180032EAC4 /* Flappy Bird */ = {
			isa = PBXGroup;
			children = (
				239F07301D468DDD00AEF301 /* Supporting Files */,
				233E05F71D36BB180032EAC4 /* GameScene.swift */,
				233E05F91D36BB180032EAC4 /* GameViewController.swift */,
				233E05FB1D36BB180032EAC4 /* Main.storyboard */,
			);
			path = "Flappy Bird";
			sourceTree = "<group>";
		};
		239F07301D468DDD00AEF301 /* Supporting Files */ = {
			isa = PBXGroup;
			children = (
				233E05F31D36BB180032EAC4 /* AppDelegate.swift */,
				233E05F51D36BB180032EAC4 /* GameScene.sks */,
				233E05FE1D36BB180032EAC4 /* Assets.xcassets */,
				233E06001D36BB180032EAC4 /* LaunchScreen.storyboard */,
				233E06031D36BB180032EAC4 /* Info.plist */,
			);
			name = "Supporting Files";
			sourceTree = "<group>";
		};
/* End PBXGroup section */

/* Begin PBXNativeTarget section */
		233E05EF1D36BB180032EAC4 /* Flappy Bird */ = {
			isa = PBXNativeTarget;
			buildConfigurationList = 233E06061D36BB180032EAC4 /* Build configuration list for PBXNativeTarget "Flappy Bird" */;
			buildPhases = (
				233E05EC1D36BB180032EAC4 /* Sources */,
				233E05ED1D36BB180032EAC4 /* Frameworks */,
				233E05EE1D36BB180032EAC4 /* Resources */,
			);
			buildRules = (
			);
			dependencies = (
			);
			name = "Flappy Bird";
			productName = "Flappy Bird";
			productReference = 233E05F01D36BB180032EAC4 /* Flappy Bird.app */;
			productType = "com.apple.product-type.application";
		};
/* End PBXNativeTarget section */

/* Begin PBXProject section */
		233E05E81D36BB180032EAC4 /* Project object */ = {
			isa = PBXProject;
			attributes = {
				LastSwiftUpdateCheck = 0730;
				LastUpgradeCheck = 0730;
				ORGANIZATIONNAME = JiangYe;
				TargetAttributes = {
					233E05EF1D36BB180032EAC4 = {
						CreatedOnToolsVersion = 7.3.1;
						DevelopmentTeam = 9896F4436N;
					};
				};
			};
			buildConfigurationList = 233E05EB1D36BB180032EAC4 /* Build configuration list for PBXProject "Flappy Bird" */;
			compatibilityVersion = "Xcode 3.2";
			developmentRegion = English;
			hasScannedForEncodings = 0;
			knownRegions = (
				en,
				Base,
			);
			mainGroup = 233E05E71D36BB180032EAC4;
			productRefGroup = 233E05F11D36BB180032EAC4 /* Products */;
			projectDirPath = "";
			projectRoot = "";
			targets = (
				233E05EF1D36BB180032EAC4 /* Flappy Bird */,
			);
		};
/* End PBXProject section */

/* Begin PBXResourcesBuildPhase section */
		233E05EE1D36BB180032EAC4 /* Resources */ = {
			isa = PBXResourcesBuildPhase;
			buildActionMask = 2147483647;
			files = (
				233E05F61D36BB180032EAC4 /* GameScene.sks in Resources */,
				233E06021D36BB180032EAC4 /* LaunchScreen.storyboard in Resources */,
				233E05FF1D36BB180032EAC4 /* Assets.xcassets in Resources */,
				233E05FD1D36BB180032EAC4 /* Main.storyboard in Resources */,
			);
			runOnlyForDeploymentPostprocessing = 0;
		};
/* End PBXResourcesBuildPhase section */

/* Begin PBXSourcesBuildPhase section */
		233E05EC1D36BB180032EAC4 /* Sources */ = {
			isa = PBXSourcesBuildPhase;
			buildActionMask = 2147483647;
			files = (
				233E05F81D36BB180032EAC4 /* GameScene.swift in Sources */,
				233E05FA1D36BB180032EAC4 /* GameViewController.swift in Sources */,
				233E05F41D36BB180032EAC4 /* AppDelegate.swift in Sources */,
			);
			runOnlyForDeploymentPostprocessing = 0;
		};
/* End PBXSourcesBuildPhase section */

/* Begin PBXVariantGroup section */
		233E05FB1D36BB180032EAC4 /* Main.storyboard */ = {
			isa = PBXVariantGroup;
			children = (
				233E05FC1D36BB180032EAC4 /* Base */,
			);
			name = Main.storyboard;
			sourceTree = "<group>";
		};
		233E06001D36BB180032EAC4 /* LaunchScreen.storyboard */ = {
			isa = PBXVariantGroup;
			children = (
				233E06011D36BB180032EAC4 /* Base */,
			);
			name = LaunchScreen.storyboard;
			sourceTree = "<group>";
		};
/* End PBXVariantGroup section */

/* Begin XCBuildConfiguration section */
		233E06041D36BB180032EAC4 /* Debug */ = {
			isa = XCBuildConfiguration;
			buildSettings = {
				ALWAYS_SEARCH_USER_PATHS = NO;
				CLANG_ANALYZER_NONNULL = YES;
				CLANG_CXX_LANGUAGE_STANDARD = "gnu++0x";
				CLANG_CXX_LIBRARY = "libc++";
				CLANG_ENABLE_MODULES = YES;
				CLANG_ENABLE_OBJC_ARC = YES;
				CLANG_WARN_BOOL_CONVERSION = YES;
				CLANG_WARN_CONSTANT_CONVERSION = YES;
				CLANG_WARN_DIRECT_OBJC_ISA_USAGE = YES_ERROR;
				CLANG_WARN_EMPTY_BODY = YES;
				CLANG_WARN_ENUM_CONVERSION = YES;
				CLANG_WARN_INT_CONVERSION = YES;
				CLANG_WARN_OBJC_ROOT_CLASS = YES_ERROR;
				CLANG_WARN_UNREACHABLE_CODE = YES;
				CLANG_WARN__DUPLICATE_METHOD_MATCH = YES;
				"CODE_SIGN_IDENTITY[sdk=iphoneos*]" = "iPhone Developer";
				COPY_PHASE_STRIP = NO;
				DEBUG_INFORMATION_FORMAT = "dwarf-with-dsym";
				ENABLE_STRICT_OBJC_MSGSEND = YES;
				ENABLE_TESTABILITY = YES;
				GCC_C_LANGUAGE_STANDARD = gnu99;
				GCC_DYNAMIC_NO_PIC = NO;
				GCC_NO_COMMON_BLOCKS = YES;
				GCC_OPTIMIZATION_LEVEL = 0;
				GCC_PREPROCESSOR_DEFINITIONS = (
					"DEBUG=1",
					"$(inherited)",
				);
				GCC_WARN_64_TO_32_BIT_CONVERSION = YES;
				GCC_WARN_ABOUT_RETURN_TYPE = YES_ERROR;
				GCC_WARN_UNDECLARED_SELECTOR = YES;
				GCC_WARN_UNINITIALIZED_AUTOS = YES_AGGRESSIVE;
				GCC_WARN_UNUSED_FUNCTION = YES;
				GCC_WARN_UNUSED_VARIABLE = YES;
				IPHONEOS_DEPLOYMENT_TARGET = 9.3;
				MTL_ENABLE_DEBUG_INFO = YES;
				ONLY_ACTIVE_ARCH = YES;
				SDKROOT = iphoneos;
				SWIFT_OPTIMIZATION_LEVEL = "-Onone";
				TARGETED_DEVICE_FAMILY = "1,2";
			};
			name = Debug;
		};
		233E06051D36BB180032EAC4 /* Release */ = {
			isa = XCBuildConfiguration;
			buildSettings = {
				ALWAYS_SEARCH_USER_PATHS = NO;
				CLANG_ANALYZER_NONNULL = YES;
				CLANG_CXX_LANGUAGE_STANDARD = "gnu++0x";
				CLANG_CXX_LIBRARY = "libc++";
				CLANG_ENABLE_MODULES = YES;
				CLANG_ENABLE_OBJC_ARC = YES;
				CLANG_WARN_BOOL_CONVERSION = YES;
				CLANG_WARN_CONSTANT_CONVERSION = YES;
				CLANG_WARN_DIRECT_OBJC_ISA_USAGE = YES_ERROR;
				CLANG_WARN_EMPTY_BODY = YES;
				CLANG_WARN_ENUM_CONVERSION = YES;
				CLANG_WARN_INT_CONVERSION = YES;
				CLANG_WARN_OBJC_ROOT_CLASS = YES_ERROR;
				CLANG_WARN_UNREACHABLE_CODE = YES;
				CLANG_WARN__DUPLICATE_METHOD_MATCH = YES;
				"CODE_SIGN_IDENTITY[sdk=iphoneos*]" = "iPhone Developer";
				COPY_PHASE_STRIP = NO;
				DEBUG_INFORMATION_FORMAT = "dwarf-with-dsym";
				ENABLE_NS_ASSERTIONS = NO;
				ENABLE_STRICT_OBJC_MSGSEND = YES;
				GCC_C_LANGUAGE_STANDARD = gnu99;
				GCC_NO_COMMON_BLOCKS = YES;
				GCC_WARN_64_TO_32_BIT_CONVERSION = YES;
				GCC_WARN_ABOUT_RETURN_TYPE = YES_ERROR;
				GCC_WARN_UNDECLARED_SELECTOR = YES;
				GCC_WARN_UNINITIALIZED_AUTOS = YES_AGGRESSIVE;
				GCC_WARN_UNUSED_FUNCTION = YES;
				GCC_WARN_UNUSED_VARIABLE = YES;
				IPHONEOS_DEPLOYMENT_TARGET = 9.3;
				MTL_ENABLE_DEBUG_INFO = NO;
				SDKROOT = iphoneos;
				TARGETED_DEVICE_FAMILY = "1,2";
				VALIDATE_PRODUCT = YES;
			};
			name = Release;
		};
		233E06071D36BB180032EAC4 /* Debug */ = {
			isa = XCBuildConfiguration;
			buildSettings = {
				ASSETCATALOG_COMPILER_APPICON_NAME = AppIcon;
				CODE_SIGN_IDENTITY = "iPhone Developer";
				INFOPLIST_FILE = "Flappy Bird/Info.plist";
				LD_RUNPATH_SEARCH_PATHS = "$(inherited) @executable_path/Frameworks";
				PRODUCT_BUNDLE_IDENTIFIER = "umass.edu.yejiang.Flappy-Bird";
				PRODUCT_NAME = "$(TARGET_NAME)";
			};
			name = Debug;
		};
		233E06081D36BB180032EAC4 /* Release */ = {
			isa = XCBuildConfiguration;
			buildSettings = {
				ASSETCATALOG_COMPILER_APPICON_NAME = AppIcon;
				CODE_SIGN_IDENTITY = "iPhone Developer";
				INFOPLIST_FILE = "Flappy Bird/Info.plist";
				LD_RUNPATH_SEARCH_PATHS = "$(inherited) @executable_path/Frameworks";
				PRODUCT_BUNDLE_IDENTIFIER = "umass.edu.yejiang.Flappy-Bird";
				PRODUCT_NAME = "$(TARGET_NAME)";
			};
			name = Release;
		};
/* End XCBuildConfiguration section */

/* Begin XCConfigurationList section */
		233E05EB1D36BB180032EAC4 /* Build configuration list for PBXProject "Flappy Bird" */ = {
			isa = XCConfigurationList;
			buildConfigurations = (
				233E06041D36BB180032EAC4 /* Debug */,
				233E06051D36BB180032EAC4 /* Release */,
			);
			defaultConfigurationIsVisible = 0;
			defaultConfigurationName = Release;
		};
		233E06061D36BB180032EAC4 /* Build configuration list for PBXNativeTarget "Flappy Bird" */ = {
			isa = XCConfigurationList;
			buildConfigurations = (
				233E06071D36BB180032EAC4 /* Debug */,
				233E06081D36BB180032EAC4 /* Release */,
			);
			defaultConfigurationIsVisible = 0;
			defaultConfigurationName = Release;
		};
/* End XCConfigurationList section */
	};
	rootObject = 233E05E81D36BB180032EAC4 /* Project object */;
}
